// !$*UTF8*$!
{
	archiveVersion = 1;
	classes = {
	};
	objectVersion = 50;
	objects = {

/* Begin PBXBuildFile section */
		F487085A2322198A00C456AA /* AppDelegate.swift in Sources */ = {isa = PBXBuildFile; fileRef = F48708592322198A00C456AA /* AppDelegate.swift */; };
		F487085C2322198A00C456AA /* ViewController.swift in Sources */ = {isa = PBXBuildFile; fileRef = F487085B2322198A00C456AA /* ViewController.swift */; };
		F487085F2322198A00C456AA /* Main.storyboard in Resources */ = {isa = PBXBuildFile; fileRef = F487085D2322198A00C456AA /* Main.storyboard */; };
		F48708622322198A00C456AA /* MyMemory.xcdatamodeld in Sources */ = {isa = PBXBuildFile; fileRef = F48708602322198A00C456AA /* MyMemory.xcdatamodeld */; };
		F48708642322198B00C456AA /* Assets.xcassets in Resources */ = {isa = PBXBuildFile; fileRef = F48708632322198B00C456AA /* Assets.xcassets */; };
		F48708672322198B00C456AA /* LaunchScreen.storyboard in Resources */ = {isa = PBXBuildFile; fileRef = F48708652322198B00C456AA /* LaunchScreen.storyboard */; };
		F48708712322319100C456AA /* MemoListVC.swift in Sources */ = {isa = PBXBuildFile; fileRef = F48708702322319100C456AA /* MemoListVC.swift */; };
		F4870873232231C100C456AA /* MemoFormVC.swift in Sources */ = {isa = PBXBuildFile; fileRef = F4870872232231C100C456AA /* MemoFormVC.swift */; };
		F4870875232231CF00C456AA /* MemoReadVC.swift in Sources */ = {isa = PBXBuildFile; fileRef = F4870874232231CF00C456AA /* MemoReadVC.swift */; };
		F48708772322321D00C456AA /* MemoCell.swift in Sources */ = {isa = PBXBuildFile; fileRef = F48708762322321D00C456AA /* MemoCell.swift */; };
		F48708792322332000C456AA /* MemoData.swift in Sources */ = {isa = PBXBuildFile; fileRef = F48708782322332000C456AA /* MemoData.swift */; };
		F487087C2325E14700C456AA /* fountainpen@2x.png in Resources */ = {isa = PBXBuildFile; fileRef = F487087B2325E14700C456AA /* fountainpen@2x.png */; };
/* End PBXBuildFile section */

/* Begin PBXFileReference section */
		F48708562322198A00C456AA /* MyMemory.app */ = {isa = PBXFileReference; explicitFileType = wrapper.application; includeInIndex = 0; path = MyMemory.app; sourceTree = BUILT_PRODUCTS_DIR; };
		F48708592322198A00C456AA /* AppDelegate.swift */ = {isa = PBXFileReference; lastKnownFileType = sourcecode.swift; path = AppDelegate.swift; sourceTree = "<group>"; };
		F487085B2322198A00C456AA /* ViewController.swift */ = {isa = PBXFileReference; lastKnownFileType = sourcecode.swift; path = ViewController.swift; sourceTree = "<group>"; };
		F487085E2322198A00C456AA /* Base */ = {isa = PBXFileReference; lastKnownFileType = file.storyboard; name = Base; path = Base.lproj/Main.storyboard; sourceTree = "<group>"; };
		F48708612322198A00C456AA /* MyMemory.xcdatamodel */ = {isa = PBXFileReference; lastKnownFileType = wrapper.xcdatamodel; path = MyMemory.xcdatamodel; sourceTree = "<group>"; };
		F48708632322198B00C456AA /* Assets.xcassets */ = {isa = PBXFileReference; lastKnownFileType = folder.assetcatalog; path = Assets.xcassets; sourceTree = "<group>"; };
		F48708662322198B00C456AA /* Base */ = {isa = PBXFileReference; lastKnownFileType = file.storyboard; name = Base; path = Base.lproj/LaunchScreen.storyboard; sourceTree = "<group>"; };
		F48708682322198B00C456AA /* Info.plist */ = {isa = PBXFileReference; lastKnownFileType = text.plist.xml; path = Info.plist; sourceTree = "<group>"; };
		F48708702322319100C456AA /* MemoListVC.swift */ = {isa = PBXFileReference; lastKnownFileType = sourcecode.swift; path = MemoListVC.swift; sourceTree = "<group>"; };
		F4870872232231C100C456AA /* MemoFormVC.swift */ = {isa = PBXFileReference; lastKnownFileType = sourcecode.swift; path = MemoFormVC.swift; sourceTree = "<group>"; };
		F4870874232231CF00C456AA /* MemoReadVC.swift */ = {isa = PBXFileReference; lastKnownFileType = sourcecode.swift; path = MemoReadVC.swift; sourceTree = "<group>"; };
		F48708762322321D00C456AA /* MemoCell.swift */ = {isa = PBXFileReference; lastKnownFileType = sourcecode.swift; path = MemoCell.swift; sourceTree = "<group>"; };
		F48708782322332000C456AA /* MemoData.swift */ = {isa = PBXFileReference; lastKnownFileType = sourcecode.swift; path = MemoData.swift; sourceTree = "<group>"; };
		F487087B2325E14700C456AA /* fountainpen@2x.png */ = {isa = PBXFileReference; lastKnownFileType = image.png; path = "fountainpen@2x.png"; sourceTree = "<group>"; };
/* End PBXFileReference section */

/* Begin PBXFrameworksBuildPhase section */
		F48708532322198A00C456AA /* Frameworks */ = {
			isa = PBXFrameworksBuildPhase;
			buildActionMask = 2147483647;
			files = (
			);
			runOnlyForDeploymentPostprocessing = 0;
		};
/* End PBXFrameworksBuildPhase section */

/* Begin PBXGroup section */
		F487084D2322198A00C456AA = {
			isa = PBXGroup;
			children = (
				F487087A2325E13300C456AA /* Resources */,
				F48708582322198A00C456AA /* MyMemory */,
				F48708572322198A00C456AA /* Products */,
			);
			sourceTree = "<group>";
		};
		F48708572322198A00C456AA /* Products */ = {
			isa = PBXGroup;
			children = (
				F48708562322198A00C456AA /* MyMemory.app */,
			);
			name = Products;
			sourceTree = "<group>";
		};
		F48708582322198A00C456AA /* MyMemory */ = {
			isa = PBXGroup;
			children = (
				F48708592322198A00C456AA /* AppDelegate.swift */,
				F487085B2322198A00C456AA /* ViewController.swift */,
				F487085D2322198A00C456AA /* Main.storyboard */,
				F48708782322332000C456AA /* MemoData.swift */,
				F48708702322319100C456AA /* MemoListVC.swift */,
				F4870872232231C100C456AA /* MemoFormVC.swift */,
				F4870874232231CF00C456AA /* MemoReadVC.swift */,
				F48708762322321D00C456AA /* MemoCell.swift */,
				F48708632322198B00C456AA /* Assets.xcassets */,
				F48708652322198B00C456AA /* LaunchScreen.storyboard */,
				F48708682322198B00C456AA /* Info.plist */,
				F48708602322198A00C456AA /* MyMemory.xcdatamodeld */,
			);
			path = MyMemory;
			sourceTree = "<group>";
		};
		F487087A2325E13300C456AA /* Resources */ = {
			isa = PBXGroup;
			children = (
				F487087B2325E14700C456AA /* fountainpen@2x.png */,
			);
			path = Resources;
			sourceTree = "<group>";
		};
/* End PBXGroup section */

/* Begin PBXNativeTarget section */
		F48708552322198A00C456AA /* MyMemory */ = {
			isa = PBXNativeTarget;
			buildConfigurationList = F487086B2322198B00C456AA /* Build configuration list for PBXNativeTarget "MyMemory" */;
			buildPhases = (
				F48708522322198A00C456AA /* Sources */,
				F48708532322198A00C456AA /* Frameworks */,
				F48708542322198A00C456AA /* Resources */,
			);
			buildRules = (
			);
			dependencies = (
			);
			name = MyMemory;
			productName = MyMemory;
			productReference = F48708562322198A00C456AA /* MyMemory.app */;
			productType = "com.apple.product-type.application";
		};
/* End PBXNativeTarget section */

/* Begin PBXProject section */
		F487084E2322198A00C456AA /* Project object */ = {
			isa = PBXProject;
			attributes = {
				LastSwiftUpdateCheck = 1030;
				LastUpgradeCheck = 1030;
				ORGANIZATIONNAME = CIH;
				TargetAttributes = {
					F48708552322198A00C456AA = {
						CreatedOnToolsVersion = 10.3;
					};
				};
			};
			buildConfigurationList = F48708512322198A00C456AA /* Build configuration list for PBXProject "MyMemory" */;
			compatibilityVersion = "Xcode 9.3";
			developmentRegion = en;
			hasScannedForEncodings = 0;
			knownRegions = (
				en,
				Base,
			);
			mainGroup = F487084D2322198A00C456AA;
			productRefGroup = F48708572322198A00C456AA /* Products */;
			projectDirPath = "";
			projectRoot = "";
			targets = (
				F48708552322198A00C456AA /* MyMemory */,
			);
		};
/* End PBXProject section */

/* Begin PBXResourcesBuildPhase section */
		F48708542322198A00C456AA /* Resources */ = {
			isa = PBXResourcesBuildPhase;
			buildActionMask = 2147483647;
			files = (
				F48708672322198B00C456AA /* LaunchScreen.storyboard in Resources */,
				F48708642322198B00C456AA /* Assets.xcassets in Resources */,
				F487087C2325E14700C456AA /* fountainpen@2x.png in Resources */,
				F487085F2322198A00C456AA /* Main.storyboard in Resources */,
			);
			runOnlyForDeploymentPostprocessing = 0;
		};
/* End PBXResourcesBuildPhase section */

/* Begin PBXSourcesBuildPhase section */
		F48708522322198A00C456AA /* Sources */ = {
			isa = PBXSourcesBuildPhase;
			buildActionMask = 2147483647;
			files = (
				F48708772322321D00C456AA /* MemoCell.swift in Sources */,
				F48708792322332000C456AA /* MemoData.swift in Sources */,
				F48708622322198A00C456AA /* MyMemory.xcdatamodeld in Sources */,
				F4870873232231C100C456AA /* MemoFormVC.swift in Sources */,
				F4870875232231CF00C456AA /* MemoReadVC.swift in Sources */,
				F487085C2322198A00C456AA /* ViewController.swift in Sources */,
				F48708712322319100C456AA /* MemoListVC.swift in Sources */,
				F487085A2322198A00C456AA /* AppDelegate.swift in Sources */,
			);
			runOnlyForDeploymentPostprocessing = 0;
		};
/* End PBXSourcesBuildPhase section */

/* Begin PBXVariantGroup section */
		F487085D2322198A00C456AA /* Main.storyboard */ = {
			isa = PBXVariantGroup;
			children = (
				F487085E2322198A00C456AA /* Base */,
			);
			name = Main.storyboard;
			sourceTree = "<group>";
		};
		F48708652322198B00C456AA /* LaunchScreen.storyboard */ = {
			isa = PBXVariantGroup;
			children = (
				F48708662322198B00C456AA /* Base */,
			);
			name = LaunchScreen.storyboard;
			sourceTree = "<group>";
		};
/* End PBXVariantGroup section */

/* Begin XCBuildConfiguration section */
		F48708692322198B00C456AA /* Debug */ = {
			isa = XCBuildConfiguration;
			buildSettings = {
				ALWAYS_SEARCH_USER_PATHS = NO;
				CLANG_ANALYZER_NONNULL = YES;
				CLANG_ANALYZER_NUMBER_OBJECT_CONVERSION = YES_AGGRESSIVE;
				CLANG_CXX_LANGUAGE_STANDARD = "gnu++14";
				CLANG_CXX_LIBRARY = "libc++";
				CLANG_ENABLE_MODULES = YES;
				CLANG_ENABLE_OBJC_ARC = YES;
				CLANG_ENABLE_OBJC_WEAK = YES;
				CLANG_WARN_BLOCK_CAPTURE_AUTORELEASING = YES;
				CLANG_WARN_BOOL_CONVERSION = YES;
				CLANG_WARN_COMMA = YES;
				CLANG_WARN_CONSTANT_CONVERSION = YES;
				CLANG_WARN_DEPRECATED_OBJC_IMPLEMENTATIONS = YES;
				CLANG_WARN_DIRECT_OBJC_ISA_USAGE = YES_ERROR;
				CLANG_WARN_DOCUMENTATION_COMMENTS = YES;
				CLANG_WARN_EMPTY_BODY = YES;
				CLANG_WARN_ENUM_CONVERSION = YES;
				CLANG_WARN_INFINITE_RECURSION = YES;
				CLANG_WARN_INT_CONVERSION = YES;
				CLANG_WARN_NON_LITERAL_NULL_CONVERSION = YES;
				CLANG_WARN_OBJC_IMPLICIT_RETAIN_SELF = YES;
				CLANG_WARN_OBJC_LITERAL_CONVERSION = YES;
				CLANG_WARN_OBJC_ROOT_CLASS = YES_ERROR;
				CLANG_WARN_RANGE_LOOP_ANALYSIS = YES;
				CLANG_WARN_STRICT_PROTOTYPES = YES;
				CLANG_WARN_SUSPICIOUS_MOVE = YES;
				CLANG_WARN_UNGUARDED_AVAILABILITY = YES_AGGRESSIVE;
				CLANG_WARN_UNREACHABLE_CODE = YES;
				CLANG_WARN__DUPLICATE_METHOD_MATCH = YES;
				CODE_SIGN_IDENTITY = "iPhone Developer";
				COPY_PHASE_STRIP = NO;
				DEBUG_INFORMATION_FORMAT = dwarf;
				ENABLE_STRICT_OBJC_MSGSEND = YES;
				ENABLE_TESTABILITY = YES;
				GCC_C_LANGUAGE_STANDARD = gnu11;
				GCC_DYNAMIC_NO_PIC = NO;
				GCC_NO_COMMON_BLOCKS = YES;
				GCC_OPTIMIZATION_LEVEL = 0;
				GCC_PREPROCESSOR_DEFINITIONS = (
					"DEBUG=1",
					"$(inherited)",
				);
				GCC_WARN_64_TO_32_BIT_CONVERSION = YES;
				GCC_WARN_ABOUT_RETURN_TYPE = YES_ERROR;
				GCC_WARN_UNDECLARED_SELECTOR = YES;
				GCC_WARN_UNINITIALIZED_AUTOS = YES_AGGRESSIVE;
				GCC_WARN_UNUSED_FUNCTION = YES;
				GCC_WARN_UNUSED_VARIABLE = YES;
				IPHONEOS_DEPLOYMENT_TARGET = 12.4;
				MTL_ENABLE_DEBUG_INFO = INCLUDE_SOURCE;
				MTL_FAST_MATH = YES;
				ONLY_ACTIVE_ARCH = YES;
				SDKROOT = iphoneos;
				SWIFT_ACTIVE_COMPILATION_CONDITIONS = DEBUG;
				SWIFT_OPTIMIZATION_LEVEL = "-Onone";
			};
			name = Debug;
		};
		F487086A2322198B00C456AA /* Release */ = {
			isa = XCBuildConfiguration;
			buildSettings = {
				ALWAYS_SEARCH_USER_PATHS = NO;
				CLANG_ANALYZER_NONNULL = YES;
				CLANG_ANALYZER_NUMBER_OBJECT_CONVERSION = YES_AGGRESSIVE;
				CLANG_CXX_LANGUAGE_STANDARD = "gnu++14";
				CLANG_CXX_LIBRARY = "libc++";
				CLANG_ENABLE_MODULES = YES;
				CLANG_ENABLE_OBJC_ARC = YES;
				CLANG_ENABLE_OBJC_WEAK = YES;
				CLANG_WARN_BLOCK_CAPTURE_AUTORELEASING = YES;
				CLANG_WARN_BOOL_CONVERSION = YES;
				CLANG_WARN_COMMA = YES;
				CLANG_WARN_CONSTANT_CONVERSION = YES;
				CLANG_WARN_DEPRECATED_OBJC_IMPLEMENTATIONS = YES;
				CLANG_WARN_DIRECT_OBJC_ISA_USAGE = YES_ERROR;
				CLANG_WARN_DOCUMENTATION_COMMENTS = YES;
				CLANG_WARN_EMPTY_BODY = YES;
				CLANG_WARN_ENUM_CONVERSION = YES;
				CLANG_WARN_INFINITE_RECURSION = YES;
				CLANG_WARN_INT_CONVERSION = YES;
				CLANG_WARN_NON_LITERAL_NULL_CONVERSION = YES;
				CLANG_WARN_OBJC_IMPLICIT_RETAIN_SELF = YES;
				CLANG_WARN_OBJC_LITERAL_CONVERSION = YES;
				CLANG_WARN_OBJC_ROOT_CLASS = YES_ERROR;
				CLANG_WARN_RANGE_LOOP_ANALYSIS = YES;
				CLANG_WARN_STRICT_PROTOTYPES = YES;
				CLANG_WARN_SUSPICIOUS_MOVE = YES;
				CLANG_WARN_UNGUARDED_AVAILABILITY = YES_AGGRESSIVE;
				CLANG_WARN_UNREACHABLE_CODE = YES;
				CLANG_WARN__DUPLICATE_METHOD_MATCH = YES;
				CODE_SIGN_IDENTITY = "iPhone Developer";
				COPY_PHASE_STRIP = NO;
				DEBUG_INFORMATION_FORMAT = "dwarf-with-dsym";
				ENABLE_NS_ASSERTIONS = NO;
				ENABLE_STRICT_OBJC_MSGSEND = YES;
				GCC_C_LANGUAGE_STANDARD = gnu11;
				GCC_NO_COMMON_BLOCKS = YES;
				GCC_WARN_64_TO_32_BIT_CONVERSION = YES;
				GCC_WARN_ABOUT_RETURN_TYPE = YES_ERROR;
				GCC_WARN_UNDECLARED_SELECTOR = YES;
				GCC_WARN_UNINITIALIZED_AUTOS = YES_AGGRESSIVE;
				GCC_WARN_UNUSED_FUNCTION = YES;
				GCC_WARN_UNUSED_VARIABLE = YES;
				IPHONEOS_DEPLOYMENT_TARGET = 12.4;
				MTL_ENABLE_DEBUG_INFO = NO;
				MTL_FAST_MATH = YES;
				SDKROOT = iphoneos;
				SWIFT_COMPILATION_MODE = wholemodule;
				SWIFT_OPTIMIZATION_LEVEL = "-O";
				VALIDATE_PRODUCT = YES;
			};
			name = Release;
		};
		F487086C2322198B00C456AA /* Debug */ = {
			isa = XCBuildConfiguration;
			buildSettings = {
				ASSETCATALOG_COMPILER_APPICON_NAME = AppIcon;
				CODE_SIGN_STYLE = Automatic;
				INFOPLIST_FILE = MyMemory/Info.plist;
				LD_RUNPATH_SEARCH_PATHS = (
					"$(inherited)",
					"@executable_path/Frameworks",
				);
				PRODUCT_BUNDLE_IDENTIFIER = com.CIH.MyMemory;
				PRODUCT_NAME = "$(TARGET_NAME)";
				SWIFT_VERSION = 5.0;
				TARGETED_DEVICE_FAMILY = 1;
			};
			name = Debug;
		};
		F487086D2322198B00C456AA /* Release */ = {
			isa = XCBuildConfiguration;
			buildSettings = {
				ASSETCATALOG_COMPILER_APPICON_NAME = AppIcon;
				CODE_SIGN_STYLE = Automatic;
				INFOPLIST_FILE = MyMemory/Info.plist;
				LD_RUNPATH_SEARCH_PATHS = (
					"$(inherited)",
					"@executable_path/Frameworks",
				);
				PRODUCT_BUNDLE_IDENTIFIER = com.CIH.MyMemory;
				PRODUCT_NAME = "$(TARGET_NAME)";
				SWIFT_VERSION = 5.0;
				TARGETED_DEVICE_FAMILY = 1;
			};
			name = Release;
		};
/* End XCBuildConfiguration section */

/* Begin XCConfigurationList section */
		F48708512322198A00C456AA /* Build configuration list for PBXProject "MyMemory" */ = {
			isa = XCConfigurationList;
			buildConfigurations = (
				F48708692322198B00C456AA /* Debug */,
				F487086A2322198B00C456AA /* Release */,
			);
			defaultConfigurationIsVisible = 0;
			defaultConfigurationName = Release;
		};
		F487086B2322198B00C456AA /* Build configuration list for PBXNativeTarget "MyMemory" */ = {
			isa = XCConfigurationList;
			buildConfigurations = (
				F487086C2322198B00C456AA /* Debug */,
				F487086D2322198B00C456AA /* Release */,
			);
			defaultConfigurationIsVisible = 0;
			defaultConfigurationName = Release;
		};
/* End XCConfigurationList section */

/* Begin XCVersionGroup section */
		F48708602322198A00C456AA /* MyMemory.xcdatamodeld */ = {
			isa = XCVersionGroup;
			children = (
				F48708612322198A00C456AA /* MyMemory.xcdatamodel */,
			);
			currentVersion = F48708612322198A00C456AA /* MyMemory.xcdatamodel */;
			path = MyMemory.xcdatamodeld;
			sourceTree = "<group>";
			versionGroupType = wrapper.xcdatamodel;
		};
/* End XCVersionGroup section */
	};
	rootObject = F487084E2322198A00C456AA /* Project object */;
}
